// !$*UTF8*$!
{
	archiveVersion = 1;
	classes = {
	};
	objectVersion = 50;
	objects = {

/* Begin PBXBuildFile section */
		0A6EC4EF2414C6A900AF5CC1 /* AppDelegate.swift in Sources */ = {isa = PBXBuildFile; fileRef = 0A6EC4EE2414C6A900AF5CC1 /* AppDelegate.swift */; };
		0A6EC4F12414C6A900AF5CC1 /* ViewController.swift in Sources */ = {isa = PBXBuildFile; fileRef = 0A6EC4F02414C6A900AF5CC1 /* ViewController.swift */; };
		0A6EC4F42414C6A900AF5CC1 /* Main.storyboard in Resources */ = {isa = PBXBuildFile; fileRef = 0A6EC4F22414C6A900AF5CC1 /* Main.storyboard */; };
		0A6EC4F62414C6AA00AF5CC1 /* Assets.xcassets in Resources */ = {isa = PBXBuildFile; fileRef = 0A6EC4F52414C6AA00AF5CC1 /* Assets.xcassets */; };
		0A6EC4F92414C6AA00AF5CC1 /* LaunchScreen.storyboard in Resources */ = {isa = PBXBuildFile; fileRef = 0A6EC4F72414C6AA00AF5CC1 /* LaunchScreen.storyboard */; };
		0A6EC5042414C6AA00AF5CC1 /* SwiftCollectionViewPageCardDemoTests.swift in Sources */ = {isa = PBXBuildFile; fileRef = 0A6EC5032414C6AA00AF5CC1 /* SwiftCollectionViewPageCardDemoTests.swift */; };
		0A6EC50F2414C6AB00AF5CC1 /* SwiftCollectionViewPageCardDemoUITests.swift in Sources */ = {isa = PBXBuildFile; fileRef = 0A6EC50E2414C6AB00AF5CC1 /* SwiftCollectionViewPageCardDemoUITests.swift */; };
		0A6EC5212414C6DF00AF5CC1 /* PagerViewTransformer.swift in Sources */ = {isa = PBXBuildFile; fileRef = 0A6EC51D2414C6DF00AF5CC1 /* PagerViewTransformer.swift */; };
		0A6EC5222414C6DF00AF5CC1 /* PagerViewLayoutAttributes.swift in Sources */ = {isa = PBXBuildFile; fileRef = 0A6EC51E2414C6DF00AF5CC1 /* PagerViewLayoutAttributes.swift */; };
		0A6EC5232414C6DF00AF5CC1 /* PagerViewLayout.swift in Sources */ = {isa = PBXBuildFile; fileRef = 0A6EC51F2414C6DF00AF5CC1 /* PagerViewLayout.swift */; };
		0A6EC5242414C6DF00AF5CC1 /* PagerView.swift in Sources */ = {isa = PBXBuildFile; fileRef = 0A6EC5202414C6DF00AF5CC1 /* PagerView.swift */; };
		0A6EC5272414C73C00AF5CC1 /* CollectionViewCell.swift in Sources */ = {isa = PBXBuildFile; fileRef = 0A6EC5252414C73C00AF5CC1 /* CollectionViewCell.swift */; };
		0A6EC5282414C73C00AF5CC1 /* CollectionViewCell.xib in Resources */ = {isa = PBXBuildFile; fileRef = 0A6EC5262414C73C00AF5CC1 /* CollectionViewCell.xib */; };
/* End PBXBuildFile section */

/* Begin PBXContainerItemProxy section */
		0A6EC5002414C6AA00AF5CC1 /* PBXContainerItemProxy */ = {
			isa = PBXContainerItemProxy;
			containerPortal = 0A6EC4E32414C6A900AF5CC1 /* Project object */;
			proxyType = 1;
			remoteGlobalIDString = 0A6EC4EA2414C6A900AF5CC1;
			remoteInfo = SwiftCollectionViewPageCardDemo;
		};
		0A6EC50B2414C6AA00AF5CC1 /* PBXContainerItemProxy */ = {
			isa = PBXContainerItemProxy;
			containerPortal = 0A6EC4E32414C6A900AF5CC1 /* Project object */;
			proxyType = 1;
			remoteGlobalIDString = 0A6EC4EA2414C6A900AF5CC1;
			remoteInfo = SwiftCollectionViewPageCardDemo;
		};
/* End PBXContainerItemProxy section */

/* Begin PBXFileReference section */
		0A6EC4EB2414C6A900AF5CC1 /* SwiftCollectionViewPageCardDemo.app */ = {isa = PBXFileReference; explicitFileType = wrapper.application; includeInIndex = 0; path = SwiftCollectionViewPageCardDemo.app; sourceTree = BUILT_PRODUCTS_DIR; };
		0A6EC4EE2414C6A900AF5CC1 /* AppDelegate.swift */ = {isa = PBXFileReference; lastKnownFileType = sourcecode.swift; path = AppDelegate.swift; sourceTree = "<group>"; };
		0A6EC4F02414C6A900AF5CC1 /* ViewController.swift */ = {isa = PBXFileReference; lastKnownFileType = sourcecode.swift; path = ViewController.swift; sourceTree = "<group>"; };
		0A6EC4F32414C6A900AF5CC1 /* Base */ = {isa = PBXFileReference; lastKnownFileType = file.storyboard; name = Base; path = Base.lproj/Main.storyboard; sourceTree = "<group>"; };
		0A6EC4F52414C6AA00AF5CC1 /* Assets.xcassets */ = {isa = PBXFileReference; lastKnownFileType = folder.assetcatalog; path = Assets.xcassets; sourceTree = "<group>"; };
		0A6EC4F82414C6AA00AF5CC1 /* Base */ = {isa = PBXFileReference; lastKnownFileType = file.storyboard; name = Base; path = Base.lproj/LaunchScreen.storyboard; sourceTree = "<group>"; };
		0A6EC4FA2414C6AA00AF5CC1 /* Info.plist */ = {isa = PBXFileReference; lastKnownFileType = text.plist.xml; path = Info.plist; sourceTree = "<group>"; };
		0A6EC4FF2414C6AA00AF5CC1 /* SwiftCollectionViewPageCardDemoTests.xctest */ = {isa = PBXFileReference; explicitFileType = wrapper.cfbundle; includeInIndex = 0; path = SwiftCollectionViewPageCardDemoTests.xctest; sourceTree = BUILT_PRODUCTS_DIR; };
		0A6EC5032414C6AA00AF5CC1 /* SwiftCollectionViewPageCardDemoTests.swift */ = {isa = PBXFileReference; lastKnownFileType = sourcecode.swift; path = SwiftCollectionViewPageCardDemoTests.swift; sourceTree = "<group>"; };
		0A6EC5052414C6AA00AF5CC1 /* Info.plist */ = {isa = PBXFileReference; lastKnownFileType = text.plist.xml; path = Info.plist; sourceTree = "<group>"; };
		0A6EC50A2414C6AA00AF5CC1 /* SwiftCollectionViewPageCardDemoUITests.xctest */ = {isa = PBXFileReference; explicitFileType = wrapper.cfbundle; includeInIndex = 0; path = SwiftCollectionViewPageCardDemoUITests.xctest; sourceTree = BUILT_PRODUCTS_DIR; };
		0A6EC50E2414C6AB00AF5CC1 /* SwiftCollectionViewPageCardDemoUITests.swift */ = {isa = PBXFileReference; lastKnownFileType = sourcecode.swift; path = SwiftCollectionViewPageCardDemoUITests.swift; sourceTree = "<group>"; };
		0A6EC5102414C6AB00AF5CC1 /* Info.plist */ = {isa = PBXFileReference; lastKnownFileType = text.plist.xml; path = Info.plist; sourceTree = "<group>"; };
		0A6EC51D2414C6DF00AF5CC1 /* PagerViewTransformer.swift */ = {isa = PBXFileReference; fileEncoding = 4; lastKnownFileType = sourcecode.swift; path = PagerViewTransformer.swift; sourceTree = "<group>"; };
		0A6EC51E2414C6DF00AF5CC1 /* PagerViewLayoutAttributes.swift */ = {isa = PBXFileReference; fileEncoding = 4; lastKnownFileType = sourcecode.swift; path = PagerViewLayoutAttributes.swift; sourceTree = "<group>"; };
		0A6EC51F2414C6DF00AF5CC1 /* PagerViewLayout.swift */ = {isa = PBXFileReference; fileEncoding = 4; lastKnownFileType = sourcecode.swift; path = PagerViewLayout.swift; sourceTree = "<group>"; };
		0A6EC5202414C6DF00AF5CC1 /* PagerView.swift */ = {isa = PBXFileReference; fileEncoding = 4; lastKnownFileType = sourcecode.swift; path = PagerView.swift; sourceTree = "<group>"; };
		0A6EC5252414C73C00AF5CC1 /* CollectionViewCell.swift */ = {isa = PBXFileReference; lastKnownFileType = sourcecode.swift; path = CollectionViewCell.swift; sourceTree = "<group>"; };
		0A6EC5262414C73C00AF5CC1 /* CollectionViewCell.xib */ = {isa = PBXFileReference; lastKnownFileType = file.xib; path = CollectionViewCell.xib; sourceTree = "<group>"; };
/* End PBXFileReference section */

/* Begin PBXFrameworksBuildPhase section */
		0A6EC4E82414C6A900AF5CC1 /* Frameworks */ = {
			isa = PBXFrameworksBuildPhase;
			buildActionMask = 2147483647;
			files = (
			);
			runOnlyForDeploymentPostprocessing = 0;
		};
		0A6EC4FC2414C6AA00AF5CC1 /* Frameworks */ = {
			isa = PBXFrameworksBuildPhase;
			buildActionMask = 2147483647;
			files = (
			);
			runOnlyForDeploymentPostprocessing = 0;
		};
		0A6EC5072414C6AA00AF5CC1 /* Frameworks */ = {
			isa = PBXFrameworksBuildPhase;
			buildActionMask = 2147483647;
			files = (
			);
			runOnlyForDeploymentPostprocessing = 0;
		};
/* End PBXFrameworksBuildPhase section */

/* Begin PBXGroup section */
		0A6EC4E22414C6A900AF5CC1 = {
			isa = PBXGroup;
			children = (
				0A6EC4ED2414C6A900AF5CC1 /* SwiftCollectionViewPageCardDemo */,
				0A6EC5022414C6AA00AF5CC1 /* SwiftCollectionViewPageCardDemoTests */,
				0A6EC50D2414C6AB00AF5CC1 /* SwiftCollectionViewPageCardDemoUITests */,
				0A6EC4EC2414C6A900AF5CC1 /* Products */,
			);
			sourceTree = "<group>";
		};
		0A6EC4EC2414C6A900AF5CC1 /* Products */ = {
			isa = PBXGroup;
			children = (
				0A6EC4EB2414C6A900AF5CC1 /* SwiftCollectionViewPageCardDemo.app */,
				0A6EC4FF2414C6AA00AF5CC1 /* SwiftCollectionViewPageCardDemoTests.xctest */,
				0A6EC50A2414C6AA00AF5CC1 /* SwiftCollectionViewPageCardDemoUITests.xctest */,
			);
			name = Products;
			sourceTree = "<group>";
		};
		0A6EC4ED2414C6A900AF5CC1 /* SwiftCollectionViewPageCardDemo */ = {
			isa = PBXGroup;
			children = (
				0A6EC51C2414C6DF00AF5CC1 /* PageView */,
				0A6EC4EE2414C6A900AF5CC1 /* AppDelegate.swift */,
				0A6EC4F02414C6A900AF5CC1 /* ViewController.swift */,
				0A6EC5252414C73C00AF5CC1 /* CollectionViewCell.swift */,
				0A6EC5262414C73C00AF5CC1 /* CollectionViewCell.xib */,
				0A6EC4F22414C6A900AF5CC1 /* Main.storyboard */,
				0A6EC4F52414C6AA00AF5CC1 /* Assets.xcassets */,
				0A6EC4F72414C6AA00AF5CC1 /* LaunchScreen.storyboard */,
				0A6EC4FA2414C6AA00AF5CC1 /* Info.plist */,
			);
			path = SwiftCollectionViewPageCardDemo;
			sourceTree = "<group>";
		};
		0A6EC5022414C6AA00AF5CC1 /* SwiftCollectionViewPageCardDemoTests */ = {
			isa = PBXGroup;
			children = (
				0A6EC5032414C6AA00AF5CC1 /* SwiftCollectionViewPageCardDemoTests.swift */,
				0A6EC5052414C6AA00AF5CC1 /* Info.plist */,
			);
			path = SwiftCollectionViewPageCardDemoTests;
			sourceTree = "<group>";
		};
		0A6EC50D2414C6AB00AF5CC1 /* SwiftCollectionViewPageCardDemoUITests */ = {
			isa = PBXGroup;
			children = (
				0A6EC50E2414C6AB00AF5CC1 /* SwiftCollectionViewPageCardDemoUITests.swift */,
				0A6EC5102414C6AB00AF5CC1 /* Info.plist */,
			);
			path = SwiftCollectionViewPageCardDemoUITests;
			sourceTree = "<group>";
		};
		0A6EC51C2414C6DF00AF5CC1 /* PageView */ = {
			isa = PBXGroup;
			children = (
				0A6EC51D2414C6DF00AF5CC1 /* PagerViewTransformer.swift */,
				0A6EC51E2414C6DF00AF5CC1 /* PagerViewLayoutAttributes.swift */,
				0A6EC51F2414C6DF00AF5CC1 /* PagerViewLayout.swift */,
				0A6EC5202414C6DF00AF5CC1 /* PagerView.swift */,
			);
			path = PageView;
			sourceTree = "<group>";
		};
/* End PBXGroup section */

/* Begin PBXNativeTarget section */
		0A6EC4EA2414C6A900AF5CC1 /* SwiftCollectionViewPageCardDemo */ = {
			isa = PBXNativeTarget;
			buildConfigurationList = 0A6EC5132414C6AB00AF5CC1 /* Build configuration list for PBXNativeTarget "SwiftCollectionViewPageCardDemo" */;
			buildPhases = (
				0A6EC4E72414C6A900AF5CC1 /* Sources */,
				0A6EC4E82414C6A900AF5CC1 /* Frameworks */,
				0A6EC4E92414C6A900AF5CC1 /* Resources */,
			);
			buildRules = (
			);
			dependencies = (
			);
			name = SwiftCollectionViewPageCardDemo;
			productName = SwiftCollectionViewPageCardDemo;
			productReference = 0A6EC4EB2414C6A900AF5CC1 /* SwiftCollectionViewPageCardDemo.app */;
			productType = "com.apple.product-type.application";
		};
		0A6EC4FE2414C6AA00AF5CC1 /* SwiftCollectionViewPageCardDemoTests */ = {
			isa = PBXNativeTarget;
			buildConfigurationList = 0A6EC5162414C6AB00AF5CC1 /* Build configuration list for PBXNativeTarget "SwiftCollectionViewPageCardDemoTests" */;
			buildPhases = (
				0A6EC4FB2414C6AA00AF5CC1 /* Sources */,
				0A6EC4FC2414C6AA00AF5CC1 /* Frameworks */,
				0A6EC4FD2414C6AA00AF5CC1 /* Resources */,
			);
			buildRules = (
			);
			dependencies = (
				0A6EC5012414C6AA00AF5CC1 /* PBXTargetDependency */,
			);
			name = SwiftCollectionViewPageCardDemoTests;
			productName = SwiftCollectionViewPageCardDemoTests;
			productReference = 0A6EC4FF2414C6AA00AF5CC1 /* SwiftCollectionViewPageCardDemoTests.xctest */;
			productType = "com.apple.product-type.bundle.unit-test";
		};
		0A6EC5092414C6AA00AF5CC1 /* SwiftCollectionViewPageCardDemoUITests */ = {
			isa = PBXNativeTarget;
			buildConfigurationList = 0A6EC5192414C6AB00AF5CC1 /* Build configuration list for PBXNativeTarget "SwiftCollectionViewPageCardDemoUITests" */;
			buildPhases = (
				0A6EC5062414C6AA00AF5CC1 /* Sources */,
				0A6EC5072414C6AA00AF5CC1 /* Frameworks */,
				0A6EC5082414C6AA00AF5CC1 /* Resources */,
			);
			buildRules = (
			);
			dependencies = (
				0A6EC50C2414C6AA00AF5CC1 /* PBXTargetDependency */,
			);
			name = SwiftCollectionViewPageCardDemoUITests;
			productName = SwiftCollectionViewPageCardDemoUITests;
			productReference = 0A6EC50A2414C6AA00AF5CC1 /* SwiftCollectionViewPageCardDemoUITests.xctest */;
			productType = "com.apple.product-type.bundle.ui-testing";
		};
/* End PBXNativeTarget section */

/* Begin PBXProject section */
		0A6EC4E32414C6A900AF5CC1 /* Project object */ = {
			isa = PBXProject;
			attributes = {
				LastSwiftUpdateCheck = 1020;
				LastUpgradeCheck = 1020;
				ORGANIZATIONNAME = lly;
				TargetAttributes = {
					0A6EC4EA2414C6A900AF5CC1 = {
						CreatedOnToolsVersion = 10.2.1;
					};
					0A6EC4FE2414C6AA00AF5CC1 = {
						CreatedOnToolsVersion = 10.2.1;
						TestTargetID = 0A6EC4EA2414C6A900AF5CC1;
					};
					0A6EC5092414C6AA00AF5CC1 = {
						CreatedOnToolsVersion = 10.2.1;
						TestTargetID = 0A6EC4EA2414C6A900AF5CC1;
					};
				};
			};
			buildConfigurationList = 0A6EC4E62414C6A900AF5CC1 /* Build configuration list for PBXProject "SwiftCollectionViewPageCardDemo" */;
			compatibilityVersion = "Xcode 9.3";
			developmentRegion = en;
			hasScannedForEncodings = 0;
			knownRegions = (
				en,
				Base,
			);
			mainGroup = 0A6EC4E22414C6A900AF5CC1;
			productRefGroup = 0A6EC4EC2414C6A900AF5CC1 /* Products */;
			projectDirPath = "";
			projectRoot = "";
			targets = (
				0A6EC4EA2414C6A900AF5CC1 /* SwiftCollectionViewPageCardDemo */,
				0A6EC4FE2414C6AA00AF5CC1 /* SwiftCollectionViewPageCardDemoTests */,
				0A6EC5092414C6AA00AF5CC1 /* SwiftCollectionViewPageCardDemoUITests */,
			);
		};
/* End PBXProject section */

/* Begin PBXResourcesBuildPhase section */
		0A6EC4E92414C6A900AF5CC1 /* Resources */ = {
			isa = PBXResourcesBuildPhase;
			buildActionMask = 2147483647;
			files = (
				0A6EC4F92414C6AA00AF5CC1 /* LaunchScreen.storyboard in Resources */,
				0A6EC4F62414C6AA00AF5CC1 /* Assets.xcassets in Resources */,
				0A6EC5282414C73C00AF5CC1 /* CollectionViewCell.xib in Resources */,
				0A6EC4F42414C6A900AF5CC1 /* Main.storyboard in Resources */,
			);
			runOnlyForDeploymentPostprocessing = 0;
		};
		0A6EC4FD2414C6AA00AF5CC1 /* Resources */ = {
			isa = PBXResourcesBuildPhase;
			buildActionMask = 2147483647;
			files = (
			);
			runOnlyForDeploymentPostprocessing = 0;
		};
		0A6EC5082414C6AA00AF5CC1 /* Resources */ = {
			isa = PBXResourcesBuildPhase;
			buildActionMask = 2147483647;
			files = (
			);
			runOnlyForDeploymentPostprocessing = 0;
		};
/* End PBXResourcesBuildPhase section */

/* Begin PBXSourcesBuildPhase section */
		0A6EC4E72414C6A900AF5CC1 /* Sources */ = {
			isa = PBXSourcesBuildPhase;
			buildActionMask = 2147483647;
			files = (
				0A6EC5212414C6DF00AF5CC1 /* PagerViewTransformer.swift in Sources */,
				0A6EC5232414C6DF00AF5CC1 /* PagerViewLayout.swift in Sources */,
				0A6EC5222414C6DF00AF5CC1 /* PagerViewLayoutAttributes.swift in Sources */,
				0A6EC5272414C73C00AF5CC1 /* CollectionViewCell.swift in Sources */,
				0A6EC4F12414C6A900AF5CC1 /* ViewController.swift in Sources */,
				0A6EC5242414C6DF00AF5CC1 /* PagerView.swift in Sources */,
				0A6EC4EF2414C6A900AF5CC1 /* AppDelegate.swift in Sources */,
			);
			runOnlyForDeploymentPostprocessing = 0;
		};
		0A6EC4FB2414C6AA00AF5CC1 /* Sources */ = {
			isa = PBXSourcesBuildPhase;
			buildActionMask = 2147483647;
			files = (
				0A6EC5042414C6AA00AF5CC1 /* SwiftCollectionViewPageCardDemoTests.swift in Sources */,
			);
			runOnlyForDeploymentPostprocessing = 0;
		};
		0A6EC5062414C6AA00AF5CC1 /* Sources */ = {
			isa = PBXSourcesBuildPhase;
			buildActionMask = 2147483647;
			files = (
				0A6EC50F2414C6AB00AF5CC1 /* SwiftCollectionViewPageCardDemoUITests.swift in Sources */,
			);
			runOnlyForDeploymentPostprocessing = 0;
		};
/* End PBXSourcesBuildPhase section */

/* Begin PBXTargetDependency section */
		0A6EC5012414C6AA00AF5CC1 /* PBXTargetDependency */ = {
			isa = PBXTargetDependency;
			target = 0A6EC4EA2414C6A900AF5CC1 /* SwiftCollectionViewPageCardDemo */;
			targetProxy = 0A6EC5002414C6AA00AF5CC1 /* PBXContainerItemProxy */;
		};
		0A6EC50C2414C6AA00AF5CC1 /* PBXTargetDependency */ = {
			isa = PBXTargetDependency;
			target = 0A6EC4EA2414C6A900AF5CC1 /* SwiftCollectionViewPageCardDemo */;
			targetProxy = 0A6EC50B2414C6AA00AF5CC1 /* PBXContainerItemProxy */;
		};
/* End PBXTargetDependency section */

/* Begin PBXVariantGroup section */
		0A6EC4F22414C6A900AF5CC1 /* Main.storyboard */ = {
			isa = PBXVariantGroup;
			children = (
				0A6EC4F32414C6A900AF5CC1 /* Base */,
			);
			name = Main.storyboard;
			sourceTree = "<group>";
		};
		0A6EC4F72414C6AA00AF5CC1 /* LaunchScreen.storyboard */ = {
			isa = PBXVariantGroup;
			children = (
				0A6EC4F82414C6AA00AF5CC1 /* Base */,
			);
			name = LaunchScreen.storyboard;
			sourceTree = "<group>";
		};
/* End PBXVariantGroup section */

/* Begin XCBuildConfiguration section */
		0A6EC5112414C6AB00AF5CC1 /* Debug */ = {
			isa = XCBuildConfiguration;
			buildSettings = {
				ALWAYS_SEARCH_USER_PATHS = NO;
				CLANG_ANALYZER_NONNULL = YES;
				CLANG_ANALYZER_NUMBER_OBJECT_CONVERSION = YES_AGGRESSIVE;
				CLANG_CXX_LANGUAGE_STANDARD = "gnu++14";
				CLANG_CXX_LIBRARY = "libc++";
				CLANG_ENABLE_MODULES = YES;
				CLANG_ENABLE_OBJC_ARC = YES;
				CLANG_ENABLE_OBJC_WEAK = YES;
				CLANG_WARN_BLOCK_CAPTURE_AUTORELEASING = YES;
				CLANG_WARN_BOOL_CONVERSION = YES;
				CLANG_WARN_COMMA = YES;
				CLANG_WARN_CONSTANT_CONVERSION = YES;
				CLANG_WARN_DEPRECATED_OBJC_IMPLEMENTATIONS = YES;
				CLANG_WARN_DIRECT_OBJC_ISA_USAGE = YES_ERROR;
				CLANG_WARN_DOCUMENTATION_COMMENTS = YES;
				CLANG_WARN_EMPTY_BODY = YES;
				CLANG_WARN_ENUM_CONVERSION = YES;
				CLANG_WARN_INFINITE_RECURSION = YES;
				CLANG_WARN_INT_CONVERSION = YES;
				CLANG_WARN_NON_LITERAL_NULL_CONVERSION = YES;
				CLANG_WARN_OBJC_IMPLICIT_RETAIN_SELF = YES;
				CLANG_WARN_OBJC_LITERAL_CONVERSION = YES;
				CLANG_WARN_OBJC_ROOT_CLASS = YES_ERROR;
				CLANG_WARN_RANGE_LOOP_ANALYSIS = YES;
				CLANG_WARN_STRICT_PROTOTYPES = YES;
				CLANG_WARN_SUSPICIOUS_MOVE = YES;
				CLANG_WARN_UNGUARDED_AVAILABILITY = YES_AGGRESSIVE;
				CLANG_WARN_UNREACHABLE_CODE = YES;
				CLANG_WARN__DUPLICATE_METHOD_MATCH = YES;
				CODE_SIGN_IDENTITY = "iPhone Developer";
				COPY_PHASE_STRIP = NO;
				DEBUG_INFORMATION_FORMAT = dwarf;
				ENABLE_STRICT_OBJC_MSGSEND = YES;
				ENABLE_TESTABILITY = YES;
				GCC_C_LANGUAGE_STANDARD = gnu11;
				GCC_DYNAMIC_NO_PIC = NO;
				GCC_NO_COMMON_BLOCKS = YES;
				GCC_OPTIMIZATION_LEVEL = 0;
				GCC_PREPROCESSOR_DEFINITIONS = (
					"DEBUG=1",
					"$(inherited)",
				);
				GCC_WARN_64_TO_32_BIT_CONVERSION = YES;
				GCC_WARN_ABOUT_RETURN_TYPE = YES_ERROR;
				GCC_WARN_UNDECLARED_SELECTOR = YES;
				GCC_WARN_UNINITIALIZED_AUTOS = YES_AGGRESSIVE;
				GCC_WARN_UNUSED_FUNCTION = YES;
				GCC_WARN_UNUSED_VARIABLE = YES;
				IPHONEOS_DEPLOYMENT_TARGET = 12.2;
				MTL_ENABLE_DEBUG_INFO = INCLUDE_SOURCE;
				MTL_FAST_MATH = YES;
				ONLY_ACTIVE_ARCH = YES;
				SDKROOT = iphoneos;
				SWIFT_ACTIVE_COMPILATION_CONDITIONS = DEBUG;
				SWIFT_OPTIMIZATION_LEVEL = "-Onone";
			};
			name = Debug;
		};
		0A6EC5122414C6AB00AF5CC1 /* Release */ = {
			isa = XCBuildConfiguration;
			buildSettings = {
				ALWAYS_SEARCH_USER_PATHS = NO;
				CLANG_ANALYZER_NONNULL = YES;
				CLANG_ANALYZER_NUMBER_OBJECT_CONVERSION = YES_AGGRESSIVE;
				CLANG_CXX_LANGUAGE_STANDARD = "gnu++14";
				CLANG_CXX_LIBRARY = "libc++";
				CLANG_ENABLE_MODULES = YES;
				CLANG_ENABLE_OBJC_ARC = YES;
				CLANG_ENABLE_OBJC_WEAK = YES;
				CLANG_WARN_BLOCK_CAPTURE_AUTORELEASING = YES;
				CLANG_WARN_BOOL_CONVERSION = YES;
				CLANG_WARN_COMMA = YES;
				CLANG_WARN_CONSTANT_CONVERSION = YES;
				CLANG_WARN_DEPRECATED_OBJC_IMPLEMENTATIONS = YES;
				CLANG_WARN_DIRECT_OBJC_ISA_USAGE = YES_ERROR;
				CLANG_WARN_DOCUMENTATION_COMMENTS = YES;
				CLANG_WARN_EMPTY_BODY = YES;
				CLANG_WARN_ENUM_CONVERSION = YES;
				CLANG_WARN_INFINITE_RECURSION = YES;
				CLANG_WARN_INT_CONVERSION = YES;
				CLANG_WARN_NON_LITERAL_NULL_CONVERSION = YES;
				CLANG_WARN_OBJC_IMPLICIT_RETAIN_SELF = YES;
				CLANG_WARN_OBJC_LITERAL_CONVERSION = YES;
				CLANG_WARN_OBJC_ROOT_CLASS = YES_ERROR;
				CLANG_WARN_RANGE_LOOP_ANALYSIS = YES;
				CLANG_WARN_STRICT_PROTOTYPES = YES;
				CLANG_WARN_SUSPICIOUS_MOVE = YES;
				CLANG_WARN_UNGUARDED_AVAILABILITY = YES_AGGRESSIVE;
				CLANG_WARN_UNREACHABLE_CODE = YES;
				CLANG_WARN__DUPLICATE_METHOD_MATCH = YES;
				CODE_SIGN_IDENTITY = "iPhone Developer";
				COPY_PHASE_STRIP = NO;
				DEBUG_INFORMATION_FORMAT = "dwarf-with-dsym";
				ENABLE_NS_ASSERTIONS = NO;
				ENABLE_STRICT_OBJC_MSGSEND = YES;
				GCC_C_LANGUAGE_STANDARD = gnu11;
				GCC_NO_COMMON_BLOCKS = YES;
				GCC_WARN_64_TO_32_BIT_CONVERSION = YES;
				GCC_WARN_ABOUT_RETURN_TYPE = YES_ERROR;
				GCC_WARN_UNDECLARED_SELECTOR = YES;
				GCC_WARN_UNINITIALIZED_AUTOS = YES_AGGRESSIVE;
				GCC_WARN_UNUSED_FUNCTION = YES;
				GCC_WARN_UNUSED_VARIABLE = YES;
				IPHONEOS_DEPLOYMENT_TARGET = 12.2;
				MTL_ENABLE_DEBUG_INFO = NO;
				MTL_FAST_MATH = YES;
				SDKROOT = iphoneos;
				SWIFT_COMPILATION_MODE = wholemodule;
				SWIFT_OPTIMIZATION_LEVEL = "-O";
				VALIDATE_PRODUCT = YES;
			};
			name = Release;
		};
		0A6EC5142414C6AB00AF5CC1 /* Debug */ = {
			isa = XCBuildConfiguration;
			buildSettings = {
				ASSETCATALOG_COMPILER_APPICON_NAME = AppIcon;
				CODE_SIGN_STYLE = Automatic;
				INFOPLIST_FILE = SwiftCollectionViewPageCardDemo/Info.plist;
				LD_RUNPATH_SEARCH_PATHS = (
					"$(inherited)",
					"@executable_path/Frameworks",
				);
				PRODUCT_BUNDLE_IDENTIFIER = com.lly.SwiftCollectionViewPageCardDemo;
				PRODUCT_NAME = "$(TARGET_NAME)";
				SWIFT_VERSION = 5.0;
				TARGETED_DEVICE_FAMILY = "1,2";
			};
			name = Debug;
		};
		0A6EC5152414C6AB00AF5CC1 /* Release */ = {
			isa = XCBuildConfiguration;
			buildSettings = {
				ASSETCATALOG_COMPILER_APPICON_NAME = AppIcon;
				CODE_SIGN_STYLE = Automatic;
				INFOPLIST_FILE = SwiftCollectionViewPageCardDemo/Info.plist;
				LD_RUNPATH_SEARCH_PATHS = (
					"$(inherited)",
					"@executable_path/Frameworks",
				);
				PRODUCT_BUNDLE_IDENTIFIER = com.lly.SwiftCollectionViewPageCardDemo;
				PRODUCT_NAME = "$(TARGET_NAME)";
				SWIFT_VERSION = 5.0;
				TARGETED_DEVICE_FAMILY = "1,2";
			};
			name = Release;
		};
		0A6EC5172414C6AB00AF5CC1 /* Debug */ = {
			isa = XCBuildConfiguration;
			buildSettings = {
				ALWAYS_EMBED_SWIFT_STANDARD_LIBRARIES = YES;
				BUNDLE_LOADER = "$(TEST_HOST)";
				CODE_SIGN_STYLE = Automatic;
				INFOPLIST_FILE = SwiftCollectionViewPageCardDemoTests/Info.plist;
				LD_RUNPATH_SEARCH_PATHS = (
					"$(inherited)",
					"@executable_path/Frameworks",
					"@loader_path/Frameworks",
				);
				PRODUCT_BUNDLE_IDENTIFIER = com.lly.SwiftCollectionViewPageCardDemoTests;
				PRODUCT_NAME = "$(TARGET_NAME)";
				SWIFT_VERSION = 5.0;
				TARGETED_DEVICE_FAMILY = "1,2";
				TEST_HOST = "$(BUILT_PRODUCTS_DIR)/SwiftCollectionViewPageCardDemo.app/SwiftCollectionViewPageCardDemo";
			};
			name = Debug;
		};
		0A6EC5182414C6AB00AF5CC1 /* Release */ = {
			isa = XCBuildConfiguration;
			buildSettings = {
				ALWAYS_EMBED_SWIFT_STANDARD_LIBRARIES = YES;
				BUNDLE_LOADER = "$(TEST_HOST)";
				CODE_SIGN_STYLE = Automatic;
				INFOPLIST_FILE = SwiftCollectionViewPageCardDemoTests/Info.plist;
				LD_RUNPATH_SEARCH_PATHS = (
					"$(inherited)",
					"@executable_path/Frameworks",
					"@loader_path/Frameworks",
				);
				PRODUCT_BUNDLE_IDENTIFIER = com.lly.SwiftCollectionViewPageCardDemoTests;
				PRODUCT_NAME = "$(TARGET_NAME)";
				SWIFT_VERSION = 5.0;
				TARGETED_DEVICE_FAMILY = "1,2";
				TEST_HOST = "$(BUILT_PRODUCTS_DIR)/SwiftCollectionViewPageCardDemo.app/SwiftCollectionViewPageCardDemo";
			};
			name = Release;
		};
		0A6EC51A2414C6AB00AF5CC1 /* Debug */ = {
			isa = XCBuildConfiguration;
			buildSettings = {
				ALWAYS_EMBED_SWIFT_STANDARD_LIBRARIES = YES;
				CODE_SIGN_STYLE = Automatic;
				INFOPLIST_FILE = SwiftCollectionViewPageCardDemoUITests/Info.plist;
				LD_RUNPATH_SEARCH_PATHS = (
					"$(inherited)",
					"@executable_path/Frameworks",
					"@loader_path/Frameworks",
				);
				PRODUCT_BUNDLE_IDENTIFIER = com.lly.SwiftCollectionViewPageCardDemoUITests;
				PRODUCT_NAME = "$(TARGET_NAME)";
				SWIFT_VERSION = 5.0;
				TARGETED_DEVICE_FAMILY = "1,2";
				TEST_TARGET_NAME = SwiftCollectionViewPageCardDemo;
			};
			name = Debug;
		};
		0A6EC51B2414C6AB00AF5CC1 /* Release */ = {
			isa = XCBuildConfiguration;
			buildSettings = {
				ALWAYS_EMBED_SWIFT_STANDARD_LIBRARIES = YES;
				CODE_SIGN_STYLE = Automatic;
				INFOPLIST_FILE = SwiftCollectionViewPageCardDemoUITests/Info.plist;
				LD_RUNPATH_SEARCH_PATHS = (
					"$(inherited)",
					"@executable_path/Frameworks",
					"@loader_path/Frameworks",
				);
				PRODUCT_BUNDLE_IDENTIFIER = com.lly.SwiftCollectionViewPageCardDemoUITests;
				PRODUCT_NAME = "$(TARGET_NAME)";
				SWIFT_VERSION = 5.0;
				TARGETED_DEVICE_FAMILY = "1,2";
				TEST_TARGET_NAME = SwiftCollectionViewPageCardDemo;
			};
			name = Release;
		};
/* End XCBuildConfiguration section */

/* Begin XCConfigurationList section */
		0A6EC4E62414C6A900AF5CC1 /* Build configuration list for PBXProject "SwiftCollectionViewPageCardDemo" */ = {
			isa = XCConfigurationList;
			buildConfigurations = (
				0A6EC5112414C6AB00AF5CC1 /* Debug */,
				0A6EC5122414C6AB00AF5CC1 /* Release */,
			);
			defaultConfigurationIsVisible = 0;
			defaultConfigurationName = Release;
		};
		0A6EC5132414C6AB00AF5CC1 /* Build configuration list for PBXNativeTarget "SwiftCollectionViewPageCardDemo" */ = {
			isa = XCConfigurationList;
			buildConfigurations = (
				0A6EC5142414C6AB00AF5CC1 /* Debug */,
				0A6EC5152414C6AB00AF5CC1 /* Release */,
			);
			defaultConfigurationIsVisible = 0;
			defaultConfigurationName = Release;
		};
		0A6EC5162414C6AB00AF5CC1 /* Build configuration list for PBXNativeTarget "SwiftCollectionViewPageCardDemoTests" */ = {
			isa = XCConfigurationList;
			buildConfigurations = (
				0A6EC5172414C6AB00AF5CC1 /* Debug */,
				0A6EC5182414C6AB00AF5CC1 /* Release */,
			);
			defaultConfigurationIsVisible = 0;
			defaultConfigurationName = Release;
		};
		0A6EC5192414C6AB00AF5CC1 /* Build configuration list for PBXNativeTarget "SwiftCollectionViewPageCardDemoUITests" */ = {
			isa = XCConfigurationList;
			buildConfigurations = (
				0A6EC51A2414C6AB00AF5CC1 /* Debug */,
				0A6EC51B2414C6AB00AF5CC1 /* Release */,
			);
			defaultConfigurationIsVisible = 0;
			defaultConfigurationName = Release;
		};
/* End XCConfigurationList section */
	};
	rootObject = 0A6EC4E32414C6A900AF5CC1 /* Project object */;
}
